{
    "_readme": [
        "This file locks the dependencies of your project to a known state",
        "Read more about it at https://getcomposer.org/doc/01-basic-usage.md#installing-dependencies",
        "This file is @generated automatically"
    ],
    "content-hash": "5ce62d7da7b75f43d0dabe3f2766147a",
    "packages": [
        {
            "name": "lizhichao/one-ck",
            "version": "0.1.9",
            "source": {
                "type": "git",
                "url": "https://github.com/lizhichao/one-ck.git",
                "reference": "0b1de9b6f5527e81023a677e39aa0f62e2fc0193"
            },
            "dist": {
                "type": "zip",
                "url": "https://api.github.com/repos/lizhichao/one-ck/zipball/0b1de9b6f5527e81023a677e39aa0f62e2fc0193",
                "reference": "0b1de9b6f5527e81023a677e39aa0f62e2fc0193",
                "shasum": "",
                "mirrors": [
                    {
                        "url": "https://mirrors.aliyun.com/composer/dists/%package%/%reference%.%type%",
                        "preferred": true
                    }
                ]
            },
            "require": {
                "ext-bcmath": "*",
                "ext-json": "*",
                "php": ">=7.1"
            },
            "type": "library",
            "autoload": {
                "psr-4": {
                    "OneCk\\": "src/"
                }
            },
            "notification-url": "https://packagist.org/downloads/",
            "license": [
                "Apache-2.0"
            ],
            "authors": [
                {
                    "name": "tanszhe",
                    "email": "1018595261@qq.com"
                }
            ],
            "description": "clickhouse tcp client",
            "keywords": [
                "clickhouse",
                "client",
                "php",
                "tcp"
            ],
            "time": "2020-09-09T07:30:08+00:00"
        },
        {
            "name": "smi2/phpclickhouse",
            "version": "1.1.2",
            "source": {
                "type": "git",
                "url": "https://github.com/smi2/phpClickHouse.git",
                "reference": "ecf411b3b493e12bfe64873dac94456245d6c45c"
            },
            "dist": {
                "type": "zip",
                "url": "https://api.github.com/repos/smi2/phpClickHouse/zipball/ecf411b3b493e12bfe64873dac94456245d6c45c",
                "reference": "ecf411b3b493e12bfe64873dac94456245d6c45c",
                "shasum": "",
                "mirrors": [
                    {
                        "url": "https://mirrors.aliyun.com/composer/dists/%package%/%reference%.%type%",
                        "preferred": true
                    }
                ]
            },
            "require": {
                "ext-curl": "*",
                "php": ">=5.6"
            },
            "require-dev": {
                "doctrine/coding-standard": "^4.0",
                "php": "^7.1",
                "phpstan/phpstan": "^0.9.2",
                "phpunit/phpunit": "^7.0"
            },
            "type": "library",
            "autoload": {
                "psr-4": {
                    "ClickHouseDB\\": "src/"
                }
            },
            "notification-url": "https://packagist.org/downloads/",
            "license": [
                "MIT"
            ],
            "authors": [
                {
                    "name": "Igor Strykhar",
                    "email": "isublimity@gmail.com",
                    "homepage": "https://github.com/isublimity"
                }
            ],
            "description": "PHP ClickHouse Client",
            "homepage": "https://github.com/smi2/phpClickHouse",
            "keywords": [
                "clickhouse",
                "client",
                "curl",
                "driver",
                "http",
                "http client",
                "php"
            ],
            "time": "2018-07-03T18:04:38+00:00"
        }
    ],
    "packages-dev": [],
    "aliases": [],
    "minimum-stability": "stable",
    "stability-flags": [],
    "prefer-stable": false,
    "prefer-lowest": false,
    "platform": [],
    "platform-dev": []
}
